
Microsoft Visual Studio Solution File, Format Version 12.00
# Visual Studio Version 17
VisualStudioVersion = 17.0.31903.59
MinimumVisualStudioVersion = 10.0.40219.1
Project("{2150E333-8FDC-42A3-9474-1A3956D46DE8}") = "src", "src", "{4334C203-2F21-40E3-A7A4-6BE1614FEBF2}"
EndProject
Project("{2150E333-8FDC-42A3-9474-1A3956D46DE8}") = "SharedKernel", "SharedKernel", "{7FADF465-34A4-4D78-BA6B-733F18448AFC}"
EndProject
Project("{2150E333-8FDC-42A3-9474-1A3956D46DE8}") = "Services", "Services", "{715D29A3-6F86-458F-8AAE-B07545C3E7C9}"
EndProject
Project("{2150E333-8FDC-42A3-9474-1A3956D46DE8}") = "Credits", "Credits", "{E7CA5ED7-024F-40A2-83F1-9B8D48B76C25}"
EndProject
Project("{FAE04EC0-301F-11D3-BF4B-00C04F79EFBC}") = "Kriteriom.Credits.Domain", "src\Services\Credits\Kriteriom.Credits.Domain\Kriteriom.Credits.Domain.csproj", "{761ECC79-658E-4356-B7DC-7BCD93368E2E}"
EndProject
Project("{FAE04EC0-301F-11D3-BF4B-00C04F79EFBC}") = "Kriteriom.Credits.Application", "src\Services\Credits\Kriteriom.Credits.Application\Kriteriom.Credits.Application.csproj", "{206C7898-8F3C-4AA0-9292-CD6EE9292A5A}"
EndProject
Project("{FAE04EC0-301F-11D3-BF4B-00C04F79EFBC}") = "Kriteriom.Credits.Infrastructure", "src\Services\Credits\Kriteriom.Credits.Infrastructure\Kriteriom.Credits.Infrastructure.csproj", "{0F1A77EB-53B7-4AC7-8C55-377D21F8015C}"
EndProject
Project("{FAE04EC0-301F-11D3-BF4B-00C04F79EFBC}") = "Kriteriom.Credits.API", "src\Services\Credits\Kriteriom.Credits.API\Kriteriom.Credits.API.csproj", "{149D73AA-0579-4C25-AF5F-9FD6CE88033F}"
EndProject
Project("{2150E333-8FDC-42A3-9474-1A3956D46DE8}") = "Risk", "Risk", "{0B18DFF4-66B6-4548-831B-DFD1995E7A8D}"
EndProject
Project("{FAE04EC0-301F-11D3-BF4B-00C04F79EFBC}") = "Kriteriom.Risk.Domain", "src\Services\Risk\Kriteriom.Risk.Domain\Kriteriom.Risk.Domain.csproj", "{55EBFD14-6CA3-4D48-A1C7-1B1B9BF4AA19}"
EndProject
Project("{FAE04EC0-301F-11D3-BF4B-00C04F79EFBC}") = "Kriteriom.Risk.API", "src\Services\Risk\Kriteriom.Risk.API\Kriteriom.Risk.API.csproj", "{35A5B4F8-1482-42D5-8A3D-B67E23D6BF29}"
EndProject
Project("{2150E333-8FDC-42A3-9474-1A3956D46DE8}") = "Audit", "Audit", "{99FFDF67-C420-4042-8061-5F3BB52E6B7E}"
EndProject
Project("{FAE04EC0-301F-11D3-BF4B-00C04F79EFBC}") = "Kriteriom.Audit.Infrastructure", "src\Services\Audit\Kriteriom.Audit.Infrastructure\Kriteriom.Audit.Infrastructure.csproj", "{D68F013C-8475-49C7-B8C6-CCE7E9F6C835}"
EndProject
Project("{FAE04EC0-301F-11D3-BF4B-00C04F79EFBC}") = "Kriteriom.Audit.API", "src\Services\Audit\Kriteriom.Audit.API\Kriteriom.Audit.API.csproj", "{031C59F1-8DAE-4000-BF19-B49F90613F16}"
EndProject
Project("{2150E333-8FDC-42A3-9474-1A3956D46DE8}") = "Notifications", "Notifications", "{653E2593-5A1E-442F-8BE4-32837965EBED}"
EndProject
Project("{FAE04EC0-301F-11D3-BF4B-00C04F79EFBC}") = "Kriteriom.Notifications.API", "src\Services\Notifications\Kriteriom.Notifications.API\Kriteriom.Notifications.API.csproj", "{B80623A5-1C8E-4FBB-AE42-B0A66C5003A9}"
EndProject
Project("{2150E333-8FDC-42A3-9474-1A3956D46DE8}") = "Gateway", "Gateway", "{2E66525E-9D2F-4858-BF16-D0E6D17CA3F9}"
EndProject
Project("{FAE04EC0-301F-11D3-BF4B-00C04F79EFBC}") = "Kriteriom.Gateway", "src\Gateway\Kriteriom.Gateway\Kriteriom.Gateway.csproj", "{5B3813C6-E2AA-4CD2-8431-18D1D35D2B16}"
EndProject
Project("{2150E333-8FDC-42A3-9474-1A3956D46DE8}") = "tests", "tests", "{4B31869B-AF7B-4ABD-987E-36C560691953}"
EndProject
Project("{FAE04EC0-301F-11D3-BF4B-00C04F79EFBC}") = "Kriteriom.Tests", "tests\Kriteriom.Tests\Kriteriom.Tests.csproj", "{1C9CE264-BA51-46BB-B78E-D971817909DA}"
EndProject
Project("{FAE04EC0-301F-11D3-BF4B-00C04F79EFBC}") = "Kriteriom.Audit.Domain", "src\Services\Audit\Kriteriom.Audit.Domain\Kriteriom.Audit.Domain.csproj", "{A223A050-512B-40C2-B11C-87F73609A757}"
EndProject
Project("{FAE04EC0-301F-11D3-BF4B-00C04F79EFBC}") = "Kriteriom.Notifications.Domain", "src\Services\Notifications\Kriteriom.Notifications.Domain\Kriteriom.Notifications.Domain.csproj", "{FF8073E4-4FCD-48F0-B619-66A47E30C7D7}"
EndProject
Project("{FAE04EC0-301F-11D3-BF4B-00C04F79EFBC}") = "Kriteriom.Notifications.Infrastructure", "src\Services\Notifications\Kriteriom.Notifications.Infrastructure\Kriteriom.Notifications.Infrastructure.csproj", "{38ABAE2E-3172-4EF0-A8BD-BE8884A22FD7}"
EndProject
Project("{FAE04EC0-301F-11D3-BF4B-00C04F79EFBC}") = "Kriteriom.SharedKernel.Domain", "src\SharedKernel\Kriteriom.SharedKernel.Domain\Kriteriom.SharedKernel.Domain.csproj", "{E0A1F68A-5F24-4FB7-9E44-DE2C3B87C1CA}"
EndProject
Project("{FAE04EC0-301F-11D3-BF4B-00C04F79EFBC}") = "Kriteriom.SharedKernel.Contracts", "src\SharedKernel\Kriteriom.SharedKernel.Contracts\Kriteriom.SharedKernel.Contracts.csproj", "{79540F7A-42EA-4C86-9B57-D947D7843E03}"
EndProject
Project("{FAE04EC0-301F-11D3-BF4B-00C04F79EFBC}") = "Kriteriom.SharedKernel.Application", "src\SharedKernel\Kriteriom.SharedKernel.Application\Kriteriom.SharedKernel.Application.csproj", "{99C2FFDD-A8FD-46F6-B7AF-5B8733BFC727}"
EndProject
Project("{FAE04EC0-301F-11D3-BF4B-00C04F79EFBC}") = "Kriteriom.SharedKernel.Infrastructure", "src\SharedKernel\Kriteriom.SharedKernel.Infrastructure\Kriteriom.SharedKernel.Infrastructure.csproj", "{4725A8B9-A91B-4FE2-BD9C-3C0844A2E13B}"
EndProject
Global
	GlobalSection(SolutionConfigurationPlatforms) = preSolution
		Debug|Any CPU = Debug|Any CPU
		Release|Any CPU = Release|Any CPU
	EndGlobalSection
	GlobalSection(SolutionProperties) = preSolution
		HideSolutionNode = FALSE
	EndGlobalSection
	GlobalSection(ProjectConfigurationPlatforms) = postSolution
		{761ECC79-658E-4356-B7DC-7BCD93368E2E}.Debug|Any CPU.ActiveCfg = Debug|Any CPU
		{761ECC79-658E-4356-B7DC-7BCD93368E2E}.Debug|Any CPU.Build.0 = Debug|Any CPU
		{761ECC79-658E-4356-B7DC-7BCD93368E2E}.Release|Any CPU.ActiveCfg = Release|Any CPU
		{761ECC79-658E-4356-B7DC-7BCD93368E2E}.Release|Any CPU.Build.0 = Release|Any CPU
		{206C7898-8F3C-4AA0-9292-CD6EE9292A5A}.Debug|Any CPU.ActiveCfg = Debug|Any CPU
		{206C7898-8F3C-4AA0-9292-CD6EE9292A5A}.Debug|Any CPU.Build.0 = Debug|Any CPU
		{206C7898-8F3C-4AA0-9292-CD6EE9292A5A}.Release|Any CPU.ActiveCfg = Release|Any CPU
		{206C7898-8F3C-4AA0-9292-CD6EE9292A5A}.Release|Any CPU.Build.0 = Release|Any CPU
		{0F1A77EB-53B7-4AC7-8C55-377D21F8015C}.Debug|Any CPU.ActiveCfg = Debug|Any CPU
		{0F1A77EB-53B7-4AC7-8C55-377D21F8015C}.Debug|Any CPU.Build.0 = Debug|Any CPU
		{0F1A77EB-53B7-4AC7-8C55-377D21F8015C}.Release|Any CPU.ActiveCfg = Release|Any CPU
		{0F1A77EB-53B7-4AC7-8C55-377D21F8015C}.Release|Any CPU.Build.0 = Release|Any CPU
		{149D73AA-0579-4C25-AF5F-9FD6CE88033F}.Debug|Any CPU.ActiveCfg = Debug|Any CPU
		{149D73AA-0579-4C25-AF5F-9FD6CE88033F}.Debug|Any CPU.Build.0 = Debug|Any CPU
		{149D73AA-0579-4C25-AF5F-9FD6CE88033F}.Release|Any CPU.ActiveCfg = Release|Any CPU
		{149D73AA-0579-4C25-AF5F-9FD6CE88033F}.Release|Any CPU.Build.0 = Release|Any CPU
		{55EBFD14-6CA3-4D48-A1C7-1B1B9BF4AA19}.Debug|Any CPU.ActiveCfg = Debug|Any CPU
		{55EBFD14-6CA3-4D48-A1C7-1B1B9BF4AA19}.Debug|Any CPU.Build.0 = Debug|Any CPU
		{55EBFD14-6CA3-4D48-A1C7-1B1B9BF4AA19}.Release|Any CPU.ActiveCfg = Release|Any CPU
		{55EBFD14-6CA3-4D48-A1C7-1B1B9BF4AA19}.Release|Any CPU.Build.0 = Release|Any CPU
		{35A5B4F8-1482-42D5-8A3D-B67E23D6BF29}.Debug|Any CPU.ActiveCfg = Debug|Any CPU
		{35A5B4F8-1482-42D5-8A3D-B67E23D6BF29}.Debug|Any CPU.Build.0 = Debug|Any CPU
		{35A5B4F8-1482-42D5-8A3D-B67E23D6BF29}.Release|Any CPU.ActiveCfg = Release|Any CPU
		{35A5B4F8-1482-42D5-8A3D-B67E23D6BF29}.Release|Any CPU.Build.0 = Release|Any CPU
		{D68F013C-8475-49C7-B8C6-CCE7E9F6C835}.Debug|Any CPU.ActiveCfg = Debug|Any CPU
		{D68F013C-8475-49C7-B8C6-CCE7E9F6C835}.Debug|Any CPU.Build.0 = Debug|Any CPU
		{D68F013C-8475-49C7-B8C6-CCE7E9F6C835}.Release|Any CPU.ActiveCfg = Release|Any CPU
		{D68F013C-8475-49C7-B8C6-CCE7E9F6C835}.Release|Any CPU.Build.0 = Release|Any CPU
		{031C59F1-8DAE-4000-BF19-B49F90613F16}.Debug|Any CPU.ActiveCfg = Debug|Any CPU
		{031C59F1-8DAE-4000-BF19-B49F90613F16}.Debug|Any CPU.Build.0 = Debug|Any CPU
		{031C59F1-8DAE-4000-BF19-B49F90613F16}.Release|Any CPU.ActiveCfg = Release|Any CPU
		{031C59F1-8DAE-4000-BF19-B49F90613F16}.Release|Any CPU.Build.0 = Release|Any CPU
		{B80623A5-1C8E-4FBB-AE42-B0A66C5003A9}.Debug|Any CPU.ActiveCfg = Debug|Any CPU
		{B80623A5-1C8E-4FBB-AE42-B0A66C5003A9}.Debug|Any CPU.Build.0 = Debug|Any CPU
		{B80623A5-1C8E-4FBB-AE42-B0A66C5003A9}.Release|Any CPU.ActiveCfg = Release|Any CPU
		{B80623A5-1C8E-4FBB-AE42-B0A66C5003A9}.Release|Any CPU.Build.0 = Release|Any CPU
		{5B3813C6-E2AA-4CD2-8431-18D1D35D2B16}.Debug|Any CPU.ActiveCfg = Debug|Any CPU
		{5B3813C6-E2AA-4CD2-8431-18D1D35D2B16}.Debug|Any CPU.Build.0 = Debug|Any CPU
		{5B3813C6-E2AA-4CD2-8431-18D1D35D2B16}.Release|Any CPU.ActiveCfg = Release|Any CPU
		{5B3813C6-E2AA-4CD2-8431-18D1D35D2B16}.Release|Any CPU.Build.0 = Release|Any CPU
		{1C9CE264-BA51-46BB-B78E-D971817909DA}.Debug|Any CPU.ActiveCfg = Debug|Any CPU
		{1C9CE264-BA51-46BB-B78E-D971817909DA}.Debug|Any CPU.Build.0 = Debug|Any CPU
		{1C9CE264-BA51-46BB-B78E-D971817909DA}.Release|Any CPU.ActiveCfg = Release|Any CPU
		{1C9CE264-BA51-46BB-B78E-D971817909DA}.Release|Any CPU.Build.0 = Release|Any CPU
		{A223A050-512B-40C2-B11C-87F73609A757}.Debug|Any CPU.ActiveCfg = Debug|Any CPU
		{A223A050-512B-40C2-B11C-87F73609A757}.Debug|Any CPU.Build.0 = Debug|Any CPU
		{A223A050-512B-40C2-B11C-87F73609A757}.Release|Any CPU.ActiveCfg = Release|Any CPU
		{A223A050-512B-40C2-B11C-87F73609A757}.Release|Any CPU.Build.0 = Release|Any CPU
		{FF8073E4-4FCD-48F0-B619-66A47E30C7D7}.Debug|Any CPU.ActiveCfg = Debug|Any CPU
		{FF8073E4-4FCD-48F0-B619-66A47E30C7D7}.Debug|Any CPU.Build.0 = Debug|Any CPU
		{FF8073E4-4FCD-48F0-B619-66A47E30C7D7}.Release|Any CPU.ActiveCfg = Release|Any CPU
		{FF8073E4-4FCD-48F0-B619-66A47E30C7D7}.Release|Any CPU.Build.0 = Release|Any CPU
		{38ABAE2E-3172-4EF0-A8BD-BE8884A22FD7}.Debug|Any CPU.ActiveCfg = Debug|Any CPU
		{38ABAE2E-3172-4EF0-A8BD-BE8884A22FD7}.Debug|Any CPU.Build.0 = Debug|Any CPU
		{38ABAE2E-3172-4EF0-A8BD-BE8884A22FD7}.Release|Any CPU.ActiveCfg = Release|Any CPU
		{38ABAE2E-3172-4EF0-A8BD-BE8884A22FD7}.Release|Any CPU.Build.0 = Release|Any CPU
		{E0A1F68A-5F24-4FB7-9E44-DE2C3B87C1CA}.Debug|Any CPU.ActiveCfg = Debug|Any CPU
		{E0A1F68A-5F24-4FB7-9E44-DE2C3B87C1CA}.Debug|Any CPU.Build.0 = Debug|Any CPU
		{E0A1F68A-5F24-4FB7-9E44-DE2C3B87C1CA}.Release|Any CPU.ActiveCfg = Release|Any CPU
		{E0A1F68A-5F24-4FB7-9E44-DE2C3B87C1CA}.Release|Any CPU.Build.0 = Release|Any CPU
		{79540F7A-42EA-4C86-9B57-D947D7843E03}.Debug|Any CPU.ActiveCfg = Debug|Any CPU
		{79540F7A-42EA-4C86-9B57-D947D7843E03}.Debug|Any CPU.Build.0 = Debug|Any CPU
		{79540F7A-42EA-4C86-9B57-D947D7843E03}.Release|Any CPU.ActiveCfg = Release|Any CPU
		{79540F7A-42EA-4C86-9B57-D947D7843E03}.Release|Any CPU.Build.0 = Release|Any CPU
		{99C2FFDD-A8FD-46F6-B7AF-5B8733BFC727}.Debug|Any CPU.ActiveCfg = Debug|Any CPU
		{99C2FFDD-A8FD-46F6-B7AF-5B8733BFC727}.Debug|Any CPU.Build.0 = Debug|Any CPU
		{99C2FFDD-A8FD-46F6-B7AF-5B8733BFC727}.Release|Any CPU.ActiveCfg = Release|Any CPU
		{99C2FFDD-A8FD-46F6-B7AF-5B8733BFC727}.Release|Any CPU.Build.0 = Release|Any CPU
		{4725A8B9-A91B-4FE2-BD9C-3C0844A2E13B}.Debug|Any CPU.ActiveCfg = Debug|Any CPU
		{4725A8B9-A91B-4FE2-BD9C-3C0844A2E13B}.Debug|Any CPU.Build.0 = Debug|Any CPU
		{4725A8B9-A91B-4FE2-BD9C-3C0844A2E13B}.Release|Any CPU.ActiveCfg = Release|Any CPU
		{4725A8B9-A91B-4FE2-BD9C-3C0844A2E13B}.Release|Any CPU.Build.0 = Release|Any CPU
	EndGlobalSection
	GlobalSection(NestedProjects) = preSolution
		{7FADF465-34A4-4D78-BA6B-733F18448AFC} = {4334C203-2F21-40E3-A7A4-6BE1614FEBF2}
		{715D29A3-6F86-458F-8AAE-B07545C3E7C9} = {4334C203-2F21-40E3-A7A4-6BE1614FEBF2}
		{E7CA5ED7-024F-40A2-83F1-9B8D48B76C25} = {715D29A3-6F86-458F-8AAE-B07545C3E7C9}
		{761ECC79-658E-4356-B7DC-7BCD93368E2E} = {E7CA5ED7-024F-40A2-83F1-9B8D48B76C25}
		{206C7898-8F3C-4AA0-9292-CD6EE9292A5A} = {E7CA5ED7-024F-40A2-83F1-9B8D48B76C25}
		{0F1A77EB-53B7-4AC7-8C55-377D21F8015C} = {E7CA5ED7-024F-40A2-83F1-9B8D48B76C25}
		{149D73AA-0579-4C25-AF5F-9FD6CE88033F} = {E7CA5ED7-024F-40A2-83F1-9B8D48B76C25}
		{0B18DFF4-66B6-4548-831B-DFD1995E7A8D} = {715D29A3-6F86-458F-8AAE-B07545C3E7C9}
		{55EBFD14-6CA3-4D48-A1C7-1B1B9BF4AA19} = {0B18DFF4-66B6-4548-831B-DFD1995E7A8D}
		{35A5B4F8-1482-42D5-8A3D-B67E23D6BF29} = {0B18DFF4-66B6-4548-831B-DFD1995E7A8D}
		{99FFDF67-C420-4042-8061-5F3BB52E6B7E} = {715D29A3-6F86-458F-8AAE-B07545C3E7C9}
		{D68F013C-8475-49C7-B8C6-CCE7E9F6C835} = {99FFDF67-C420-4042-8061-5F3BB52E6B7E}
		{031C59F1-8DAE-4000-BF19-B49F90613F16} = {99FFDF67-C420-4042-8061-5F3BB52E6B7E}
		{653E2593-5A1E-442F-8BE4-32837965EBED} = {715D29A3-6F86-458F-8AAE-B07545C3E7C9}
		{B80623A5-1C8E-4FBB-AE42-B0A66C5003A9} = {653E2593-5A1E-442F-8BE4-32837965EBED}
		{2E66525E-9D2F-4858-BF16-D0E6D17CA3F9} = {4334C203-2F21-40E3-A7A4-6BE1614FEBF2}
		{5B3813C6-E2AA-4CD2-8431-18D1D35D2B16} = {2E66525E-9D2F-4858-BF16-D0E6D17CA3F9}
		{1C9CE264-BA51-46BB-B78E-D971817909DA} = {4B31869B-AF7B-4ABD-987E-36C560691953}
		{A223A050-512B-40C2-B11C-87F73609A757} = {99FFDF67-C420-4042-8061-5F3BB52E6B7E}
		{FF8073E4-4FCD-48F0-B619-66A47E30C7D7} = {653E2593-5A1E-442F-8BE4-32837965EBED}
		{38ABAE2E-3172-4EF0-A8BD-BE8884A22FD7} = {653E2593-5A1E-442F-8BE4-32837965EBED}
		{E0A1F68A-5F24-4FB7-9E44-DE2C3B87C1CA} = {7FADF465-34A4-4D78-BA6B-733F18448AFC}
		{79540F7A-42EA-4C86-9B57-D947D7843E03} = {7FADF465-34A4-4D78-BA6B-733F18448AFC}
		{99C2FFDD-A8FD-46F6-B7AF-5B8733BFC727} = {7FADF465-34A4-4D78-BA6B-733F18448AFC}
		{4725A8B9-A91B-4FE2-BD9C-3C0844A2E13B} = {7FADF465-34A4-4D78-BA6B-733F18448AFC}
	EndGlobalSection
EndGlobal
